// !$*UTF8*$!
{
	archiveVersion = 1;
	classes = {
	};
	objectVersion = 50;
	objects = {

/* Begin PBXBuildFile section */
		0E4D1180221BE614005B95C0 /* Inter-Bold.otf in Resources */ = {isa = PBXBuildFile; fileRef = 0E4D117F221BE613005B95C0 /* Inter-Bold.otf */; };
		0E4D1182221BE971005B95C0 /* DetectingProcess.storyboard in Resources */ = {isa = PBXBuildFile; fileRef = 0E4D1181221BE971005B95C0 /* DetectingProcess.storyboard */; };
		0E4D1184221BEC3B005B95C0 /* Inter-Regular.otf in Resources */ = {isa = PBXBuildFile; fileRef = 0E4D1183221BEC3B005B95C0 /* Inter-Regular.otf */; };
		0E4D1186221BF003005B95C0 /* PatternDetected.storyboard in Resources */ = {isa = PBXBuildFile; fileRef = 0E4D1185221BF003005B95C0 /* PatternDetected.storyboard */; };
		0E4D1188221BFA4B005B95C0 /* MainViewController.swift in Sources */ = {isa = PBXBuildFile; fileRef = 0E4D1187221BFA4B005B95C0 /* MainViewController.swift */; };
		0E4D118A221BFBA7005B95C0 /* DetectingProcessViewController.swift in Sources */ = {isa = PBXBuildFile; fileRef = 0E4D1189221BFBA7005B95C0 /* DetectingProcessViewController.swift */; };
		0E4D118D221D2244005B95C0 /* DisplacementVector.swift in Sources */ = {isa = PBXBuildFile; fileRef = 0E4D118C221D2244005B95C0 /* DisplacementVector.swift */; };
		0E8C76B422167C8C005C0922 /* AppDelegate.swift in Sources */ = {isa = PBXBuildFile; fileRef = 0E8C76B322167C8C005C0922 /* AppDelegate.swift */; };
		0E8C76B922167C8C005C0922 /* Main.storyboard in Resources */ = {isa = PBXBuildFile; fileRef = 0E8C76B722167C8C005C0922 /* Main.storyboard */; };
		0E8C76BB22167C98005C0922 /* Assets.xcassets in Resources */ = {isa = PBXBuildFile; fileRef = 0E8C76BA22167C98005C0922 /* Assets.xcassets */; };
		0E8C76BE22167C98005C0922 /* LaunchScreen.storyboard in Resources */ = {isa = PBXBuildFile; fileRef = 0E8C76BC22167C98005C0922 /* LaunchScreen.storyboard */; };
		6A8551901EF499D506786687 /* Pods_mamaroo.framework in Frameworks */ = {isa = PBXBuildFile; fileRef = F62692498D9442521427B2E6 /* Pods_mamaroo.framework */; };
/* End PBXBuildFile section */

/* Begin PBXFileReference section */
		0E4D117F221BE613005B95C0 /* Inter-Bold.otf */ = {isa = PBXFileReference; lastKnownFileType = file; path = "Inter-Bold.otf"; sourceTree = "<group>"; };
		0E4D1181221BE971005B95C0 /* DetectingProcess.storyboard */ = {isa = PBXFileReference; lastKnownFileType = file.storyboard; path = DetectingProcess.storyboard; sourceTree = "<group>"; };
		0E4D1183221BEC3B005B95C0 /* Inter-Regular.otf */ = {isa = PBXFileReference; lastKnownFileType = file; path = "Inter-Regular.otf"; sourceTree = "<group>"; };
		0E4D1185221BF003005B95C0 /* PatternDetected.storyboard */ = {isa = PBXFileReference; lastKnownFileType = file.storyboard; path = PatternDetected.storyboard; sourceTree = "<group>"; };
		0E4D1187221BFA4B005B95C0 /* MainViewController.swift */ = {isa = PBXFileReference; lastKnownFileType = sourcecode.swift; name = MainViewController.swift; path = /Users/KirillShteffen/mamaroo/mamaroo/MainViewController.swift; sourceTree = "<absolute>"; };
		0E4D1189221BFBA7005B95C0 /* DetectingProcessViewController.swift */ = {isa = PBXFileReference; lastKnownFileType = sourcecode.swift; path = DetectingProcessViewController.swift; sourceTree = "<group>"; };
		0E4D118C221D2244005B95C0 /* DisplacementVector.swift */ = {isa = PBXFileReference; lastKnownFileType = sourcecode.swift; path = DisplacementVector.swift; sourceTree = "<group>"; };
		0E8C76B022167C8C005C0922 /* mamaroo.app */ = {isa = PBXFileReference; explicitFileType = wrapper.application; includeInIndex = 0; path = mamaroo.app; sourceTree = BUILT_PRODUCTS_DIR; };
		0E8C76B322167C8C005C0922 /* AppDelegate.swift */ = {isa = PBXFileReference; lastKnownFileType = sourcecode.swift; path = AppDelegate.swift; sourceTree = "<group>"; };
		0E8C76B822167C8C005C0922 /* Base */ = {isa = PBXFileReference; lastKnownFileType = file.storyboard; name = Base; path = Base.lproj/Main.storyboard; sourceTree = "<group>"; };
		0E8C76BA22167C98005C0922 /* Assets.xcassets */ = {isa = PBXFileReference; lastKnownFileType = folder.assetcatalog; path = Assets.xcassets; sourceTree = "<group>"; };
		0E8C76BD22167C98005C0922 /* Base */ = {isa = PBXFileReference; lastKnownFileType = file.storyboard; name = Base; path = Base.lproj/LaunchScreen.storyboard; sourceTree = "<group>"; };
		0E8C76BF22167C98005C0922 /* Info.plist */ = {isa = PBXFileReference; lastKnownFileType = text.plist.xml; path = Info.plist; sourceTree = "<group>"; };
		60E24C31CD4E1C9CADBDBBDB /* Pods-mamaroo.debug.xcconfig */ = {isa = PBXFileReference; includeInIndex = 1; lastKnownFileType = text.xcconfig; name = "Pods-mamaroo.debug.xcconfig"; path = "Pods/Target Support Files/Pods-mamaroo/Pods-mamaroo.debug.xcconfig"; sourceTree = "<group>"; };
		EB0C9D1092DD838E58B71CAC /* Pods-mamaroo.release.xcconfig */ = {isa = PBXFileReference; includeInIndex = 1; lastKnownFileType = text.xcconfig; name = "Pods-mamaroo.release.xcconfig"; path = "Pods/Target Support Files/Pods-mamaroo/Pods-mamaroo.release.xcconfig"; sourceTree = "<group>"; };
		F62692498D9442521427B2E6 /* Pods_mamaroo.framework */ = {isa = PBXFileReference; explicitFileType = wrapper.framework; includeInIndex = 0; path = Pods_mamaroo.framework; sourceTree = BUILT_PRODUCTS_DIR; };
/* End PBXFileReference section */

/* Begin PBXFrameworksBuildPhase section */
		0E8C76AD22167C8C005C0922 /* Frameworks */ = {
			isa = PBXFrameworksBuildPhase;
			buildActionMask = 2147483647;
			files = (
				6A8551901EF499D506786687 /* Pods_mamaroo.framework in Frameworks */,
			);
			runOnlyForDeploymentPostprocessing = 0;
		};
/* End PBXFrameworksBuildPhase section */

/* Begin PBXGroup section */
		0E4D117E221BE5E5005B95C0 /* Fonts */ = {
			isa = PBXGroup;
			children = (
				0E4D1183221BEC3B005B95C0 /* Inter-Regular.otf */,
				0E4D117F221BE613005B95C0 /* Inter-Bold.otf */,
			);
			path = Fonts;
			sourceTree = "<group>";
		};
		0E4D118B221BFBB1005B95C0 /* Storyboards */ = {
			isa = PBXGroup;
			children = (
				0E8C76B722167C8C005C0922 /* Main.storyboard */,
				0E4D1181221BE971005B95C0 /* DetectingProcess.storyboard */,
				0E4D1185221BF003005B95C0 /* PatternDetected.storyboard */,
			);
			path = Storyboards;
			sourceTree = "<group>";
		};
		0E8C76A722167C8C005C0922 = {
			isa = PBXGroup;
			children = (
				0E4D117E221BE5E5005B95C0 /* Fonts */,
				0E8C76B222167C8C005C0922 /* mamaroo */,
				0E8C76B122167C8C005C0922 /* Products */,
				ADE5A793ACA96899EE76C7CD /* Pods */,
				BF48CBE979CBA81727644B88 /* Frameworks */,
			);
			sourceTree = "<group>";
		};
		0E8C76B122167C8C005C0922 /* Products */ = {
			isa = PBXGroup;
			children = (
				0E8C76B022167C8C005C0922 /* mamaroo.app */,
			);
			name = Products;
			sourceTree = "<group>";
		};
		0E8C76B222167C8C005C0922 /* mamaroo */ = {
			isa = PBXGroup;
			children = (
				0E4D1187221BFA4B005B95C0 /* MainViewController.swift */,
				0E4D1189221BFBA7005B95C0 /* DetectingProcessViewController.swift */,
				0E4D118C221D2244005B95C0 /* DisplacementVector.swift */,
				0E4D118B221BFBB1005B95C0 /* Storyboards */,
				0E8C76B322167C8C005C0922 /* AppDelegate.swift */,
				0E8C76BA22167C98005C0922 /* Assets.xcassets */,
				0E8C76BC22167C98005C0922 /* LaunchScreen.storyboard */,
				0E8C76BF22167C98005C0922 /* Info.plist */,
			);
			path = mamaroo;
			sourceTree = "<group>";
		};
		ADE5A793ACA96899EE76C7CD /* Pods */ = {
			isa = PBXGroup;
			children = (
				60E24C31CD4E1C9CADBDBBDB /* Pods-mamaroo.debug.xcconfig */,
				EB0C9D1092DD838E58B71CAC /* Pods-mamaroo.release.xcconfig */,
			);
			name = Pods;
			sourceTree = "<group>";
		};
		BF48CBE979CBA81727644B88 /* Frameworks */ = {
			isa = PBXGroup;
			children = (
				F62692498D9442521427B2E6 /* Pods_mamaroo.framework */,
			);
			name = Frameworks;
			sourceTree = "<group>";
		};
/* End PBXGroup section */

/* Begin PBXNativeTarget section */
		0E8C76AF22167C8C005C0922 /* mamaroo */ = {
			isa = PBXNativeTarget;
			buildConfigurationList = 0E8C76C222167C98005C0922 /* Build configuration list for PBXNativeTarget "mamaroo" */;
			buildPhases = (
				EE2F80A17837CDFED5150C49 /* [CP] Check Pods Manifest.lock */,
				0E8C76AC22167C8C005C0922 /* Sources */,
				0E8C76AD22167C8C005C0922 /* Frameworks */,
				0E8C76AE22167C8C005C0922 /* Resources */,
				6FBAD005C455FB91A6CCD884 /* [CP] Embed Pods Frameworks */,
			);
			buildRules = (
			);
			dependencies = (
			);
			name = mamaroo;
			productName = mamaroo;
			productReference = 0E8C76B022167C8C005C0922 /* mamaroo.app */;
			productType = "com.apple.product-type.application";
		};
/* End PBXNativeTarget section */

/* Begin PBXProject section */
		0E8C76A822167C8C005C0922 /* Project object */ = {
			isa = PBXProject;
			attributes = {
				LastSwiftUpdateCheck = 1010;
				LastUpgradeCheck = 1010;
				ORGANIZATIONNAME = BlackBricks;
				TargetAttributes = {
					0E8C76AF22167C8C005C0922 = {
						CreatedOnToolsVersion = 10.1;
					};
				};
			};
			buildConfigurationList = 0E8C76AB22167C8C005C0922 /* Build configuration list for PBXProject "mamaroo" */;
			compatibilityVersion = "Xcode 9.3";
			developmentRegion = en;
			hasScannedForEncodings = 0;
			knownRegions = (
				en,
				Base,
			);
			mainGroup = 0E8C76A722167C8C005C0922;
			productRefGroup = 0E8C76B122167C8C005C0922 /* Products */;
			projectDirPath = "";
			projectRoot = "";
			targets = (
				0E8C76AF22167C8C005C0922 /* mamaroo */,
			);
		};
/* End PBXProject section */

/* Begin PBXResourcesBuildPhase section */
		0E8C76AE22167C8C005C0922 /* Resources */ = {
			isa = PBXResourcesBuildPhase;
			buildActionMask = 2147483647;
			files = (
				0E8C76BE22167C98005C0922 /* LaunchScreen.storyboard in Resources */,
				0E4D1184221BEC3B005B95C0 /* Inter-Regular.otf in Resources */,
				0E4D1186221BF003005B95C0 /* PatternDetected.storyboard in Resources */,
				0E4D1180221BE614005B95C0 /* Inter-Bold.otf in Resources */,
				0E8C76BB22167C98005C0922 /* Assets.xcassets in Resources */,
				0E4D1182221BE971005B95C0 /* DetectingProcess.storyboard in Resources */,
				0E8C76B922167C8C005C0922 /* Main.storyboard in Resources */,
			);
			runOnlyForDeploymentPostprocessing = 0;
		};
/* End PBXResourcesBuildPhase section */

/* Begin PBXShellScriptBuildPhase section */
		6FBAD005C455FB91A6CCD884 /* [CP] Embed Pods Frameworks */ = {
			isa = PBXShellScriptBuildPhase;
			buildActionMask = 2147483647;
			files = (
			);
			inputFileListPaths = (
			);
			inputPaths = (
				"${SRCROOT}/Pods/Target Support Files/Pods-mamaroo/Pods-mamaroo-frameworks.sh",
				"${BUILT_PRODUCTS_DIR}/NVActivityIndicatorView/NVActivityIndicatorView.framework",
			);
			name = "[CP] Embed Pods Frameworks";
			outputFileListPaths = (
			);
			outputPaths = (
				"${TARGET_BUILD_DIR}/${FRAMEWORKS_FOLDER_PATH}/NVActivityIndicatorView.framework",
			);
			runOnlyForDeploymentPostprocessing = 0;
			shellPath = /bin/sh;
			shellScript = "\"${SRCROOT}/Pods/Target Support Files/Pods-mamaroo/Pods-mamaroo-frameworks.sh\"\n";
			showEnvVarsInLog = 0;
		};
		EE2F80A17837CDFED5150C49 /* [CP] Check Pods Manifest.lock */ = {
			isa = PBXShellScriptBuildPhase;
			buildActionMask = 2147483647;
			files = (
			);
			inputFileListPaths = (
			);
			inputPaths = (
				"${PODS_PODFILE_DIR_PATH}/Podfile.lock",
				"${PODS_ROOT}/Manifest.lock",
			);
			name = "[CP] Check Pods Manifest.lock";
			outputFileListPaths = (
			);
			outputPaths = (
				"$(DERIVED_FILE_DIR)/Pods-mamaroo-checkManifestLockResult.txt",
			);
			runOnlyForDeploymentPostprocessing = 0;
			shellPath = /bin/sh;
			shellScript = "diff \"${PODS_PODFILE_DIR_PATH}/Podfile.lock\" \"${PODS_ROOT}/Manifest.lock\" > /dev/null\nif [ $? != 0 ] ; then\n    # print error to STDERR\n    echo \"error: The sandbox is not in sync with the Podfile.lock. Run 'pod install' or update your CocoaPods installation.\" >&2\n    exit 1\nfi\n# This output is used by Xcode 'outputs' to avoid re-running this script phase.\necho \"SUCCESS\" > \"${SCRIPT_OUTPUT_FILE_0}\"\n";
			showEnvVarsInLog = 0;
		};
/* End PBXShellScriptBuildPhase section */

/* Begin PBXSourcesBuildPhase section */
		0E8C76AC22167C8C005C0922 /* Sources */ = {
			isa = PBXSourcesBuildPhase;
			buildActionMask = 2147483647;
			files = (
				0E4D118A221BFBA7005B95C0 /* DetectingProcessViewController.swift in Sources */,
				0E8C76B422167C8C005C0922 /* AppDelegate.swift in Sources */,
				0E4D1188221BFA4B005B95C0 /* MainViewController.swift in Sources */,
				0E4D118D221D2244005B95C0 /* DisplacementVector.swift in Sources */,
			);
			runOnlyForDeploymentPostprocessing = 0;
		};
/* End PBXSourcesBuildPhase section */

/* Begin PBXVariantGroup section */
		0E8C76B722167C8C005C0922 /* Main.storyboard */ = {
			isa = PBXVariantGroup;
			children = (
				0E8C76B822167C8C005C0922 /* Base */,
			);
			name = Main.storyboard;
			sourceTree = "<group>";
		};
		0E8C76BC22167C98005C0922 /* LaunchScreen.storyboard */ = {
			isa = PBXVariantGroup;
			children = (
				0E8C76BD22167C98005C0922 /* Base */,
			);
			name = LaunchScreen.storyboard;
			sourceTree = "<group>";
		};
/* End PBXVariantGroup section */

/* Begin XCBuildConfiguration section */
		0E8C76C022167C98005C0922 /* Debug */ = {
			isa = XCBuildConfiguration;
			buildSettings = {
				ALWAYS_SEARCH_USER_PATHS = NO;
				CLANG_ANALYZER_NONNULL = YES;
				CLANG_ANALYZER_NUMBER_OBJECT_CONVERSION = YES_AGGRESSIVE;
				CLANG_CXX_LANGUAGE_STANDARD = "gnu++14";
				CLANG_CXX_LIBRARY = "libc++";
				CLANG_ENABLE_MODULES = YES;
				CLANG_ENABLE_OBJC_ARC = YES;
				CLANG_ENABLE_OBJC_WEAK = YES;
				CLANG_WARN_BLOCK_CAPTURE_AUTORELEASING = YES;
				CLANG_WARN_BOOL_CONVERSION = YES;
				CLANG_WARN_COMMA = YES;
				CLANG_WARN_CONSTANT_CONVERSION = YES;
				CLANG_WARN_DEPRECATED_OBJC_IMPLEMENTATIONS = YES;
				CLANG_WARN_DIRECT_OBJC_ISA_USAGE = YES_ERROR;
				CLANG_WARN_DOCUMENTATION_COMMENTS = YES;
				CLANG_WARN_EMPTY_BODY = YES;
				CLANG_WARN_ENUM_CONVERSION = YES;
				CLANG_WARN_INFINITE_RECURSION = YES;
				CLANG_WARN_INT_CONVERSION = YES;
				CLANG_WARN_NON_LITERAL_NULL_CONVERSION = YES;
				CLANG_WARN_OBJC_IMPLICIT_RETAIN_SELF = YES;
				CLANG_WARN_OBJC_LITERAL_CONVERSION = YES;
				CLANG_WARN_OBJC_ROOT_CLASS = YES_ERROR;
				CLANG_WARN_RANGE_LOOP_ANALYSIS = YES;
				CLANG_WARN_STRICT_PROTOTYPES = YES;
				CLANG_WARN_SUSPICIOUS_MOVE = YES;
				CLANG_WARN_UNGUARDED_AVAILABILITY = YES_AGGRESSIVE;
				CLANG_WARN_UNREACHABLE_CODE = YES;
				CLANG_WARN__DUPLICATE_METHOD_MATCH = YES;
				CODE_SIGN_IDENTITY = "iPhone Developer";
				COPY_PHASE_STRIP = NO;
				DEBUG_INFORMATION_FORMAT = dwarf;
				ENABLE_STRICT_OBJC_MSGSEND = YES;
				ENABLE_TESTABILITY = YES;
				GCC_C_LANGUAGE_STANDARD = gnu11;
				GCC_DYNAMIC_NO_PIC = NO;
				GCC_NO_COMMON_BLOCKS = YES;
				GCC_OPTIMIZATION_LEVEL = 0;
				GCC_PREPROCESSOR_DEFINITIONS = (
					"DEBUG=1",
					"$(inherited)",
				);
				GCC_WARN_64_TO_32_BIT_CONVERSION = YES;
				GCC_WARN_ABOUT_RETURN_TYPE = YES_ERROR;
				GCC_WARN_UNDECLARED_SELECTOR = YES;
				GCC_WARN_UNINITIALIZED_AUTOS = YES_AGGRESSIVE;
				GCC_WARN_UNUSED_FUNCTION = YES;
				GCC_WARN_UNUSED_VARIABLE = YES;
				IPHONEOS_DEPLOYMENT_TARGET = 12.1;
				MTL_ENABLE_DEBUG_INFO = INCLUDE_SOURCE;
				MTL_FAST_MATH = YES;
				ONLY_ACTIVE_ARCH = YES;
				SDKROOT = iphoneos;
				SWIFT_ACTIVE_COMPILATION_CONDITIONS = DEBUG;
				SWIFT_OPTIMIZATION_LEVEL = "-Onone";
			};
			name = Debug;
		};
		0E8C76C122167C98005C0922 /* Release */ = {
			isa = XCBuildConfiguration;
			buildSettings = {
				ALWAYS_SEARCH_USER_PATHS = NO;
				CLANG_ANALYZER_NONNULL = YES;
				CLANG_ANALYZER_NUMBER_OBJECT_CONVERSION = YES_AGGRESSIVE;
				CLANG_CXX_LANGUAGE_STANDARD = "gnu++14";
				CLANG_CXX_LIBRARY = "libc++";
				CLANG_ENABLE_MODULES = YES;
				CLANG_ENABLE_OBJC_ARC = YES;
				CLANG_ENABLE_OBJC_WEAK = YES;
				CLANG_WARN_BLOCK_CAPTURE_AUTORELEASING = YES;
				CLANG_WARN_BOOL_CONVERSION = YES;
				CLANG_WARN_COMMA = YES;
				CLANG_WARN_CONSTANT_CONVERSION = YES;
				CLANG_WARN_DEPRECATED_OBJC_IMPLEMENTATIONS = YES;
				CLANG_WARN_DIRECT_OBJC_ISA_USAGE = YES_ERROR;
				CLANG_WARN_DOCUMENTATION_COMMENTS = YES;
				CLANG_WARN_EMPTY_BODY = YES;
				CLANG_WARN_ENUM_CONVERSION = YES;
				CLANG_WARN_INFINITE_RECURSION = YES;
				CLANG_WARN_INT_CONVERSION = YES;
				CLANG_WARN_NON_LITERAL_NULL_CONVERSION = YES;
				CLANG_WARN_OBJC_IMPLICIT_RETAIN_SELF = YES;
				CLANG_WARN_OBJC_LITERAL_CONVERSION = YES;
				CLANG_WARN_OBJC_ROOT_CLASS = YES_ERROR;
				CLANG_WARN_RANGE_LOOP_ANALYSIS = YES;
				CLANG_WARN_STRICT_PROTOTYPES = YES;
				CLANG_WARN_SUSPICIOUS_MOVE = YES;
				CLANG_WARN_UNGUARDED_AVAILABILITY = YES_AGGRESSIVE;
				CLANG_WARN_UNREACHABLE_CODE = YES;
				CLANG_WARN__DUPLICATE_METHOD_MATCH = YES;
				CODE_SIGN_IDENTITY = "iPhone Developer";
				COPY_PHASE_STRIP = NO;
				DEBUG_INFORMATION_FORMAT = "dwarf-with-dsym";
				ENABLE_NS_ASSERTIONS = NO;
				ENABLE_STRICT_OBJC_MSGSEND = YES;
				GCC_C_LANGUAGE_STANDARD = gnu11;
				GCC_NO_COMMON_BLOCKS = YES;
				GCC_WARN_64_TO_32_BIT_CONVERSION = YES;
				GCC_WARN_ABOUT_RETURN_TYPE = YES_ERROR;
				GCC_WARN_UNDECLARED_SELECTOR = YES;
				GCC_WARN_UNINITIALIZED_AUTOS = YES_AGGRESSIVE;
				GCC_WARN_UNUSED_FUNCTION = YES;
				GCC_WARN_UNUSED_VARIABLE = YES;
				IPHONEOS_DEPLOYMENT_TARGET = 12.1;
				MTL_ENABLE_DEBUG_INFO = NO;
				MTL_FAST_MATH = YES;
				SDKROOT = iphoneos;
				SWIFT_COMPILATION_MODE = wholemodule;
				SWIFT_OPTIMIZATION_LEVEL = "-O";
				VALIDATE_PRODUCT = YES;
			};
			name = Release;
		};
		0E8C76C322167C98005C0922 /* Debug */ = {
			isa = XCBuildConfiguration;
			baseConfigurationReference = 60E24C31CD4E1C9CADBDBBDB /* Pods-mamaroo.debug.xcconfig */;
			buildSettings = {
				ASSETCATALOG_COMPILER_APPICON_NAME = AppIcon;
				CODE_SIGN_STYLE = Automatic;
				DEVELOPMENT_TEAM = L59JFSX5QN;
				INFOPLIST_FILE = mamaroo/Info.plist;
				IPHONEOS_DEPLOYMENT_TARGET = 10.1;
				LD_RUNPATH_SEARCH_PATHS = (
					"$(inherited)",
					"@executable_path/Frameworks",
				);
				PRODUCT_BUNDLE_IDENTIFIER = BlackBricks.mamaroo;
				PRODUCT_NAME = "$(TARGET_NAME)";
				SWIFT_VERSION = 4.2;
				TARGETED_DEVICE_FAMILY = "1,2";
			};
			name = Debug;
		};
		0E8C76C422167C98005C0922 /* Release */ = {
			isa = XCBuildConfiguration;
			baseConfigurationReference = EB0C9D1092DD838E58B71CAC /* Pods-mamaroo.release.xcconfig */;
			buildSettings = {
				ASSETCATALOG_COMPILER_APPICON_NAME = AppIcon;
				CODE_SIGN_STYLE = Automatic;
				DEVELOPMENT_TEAM = L59JFSX5QN;
				INFOPLIST_FILE = mamaroo/Info.plist;
				IPHONEOS_DEPLOYMENT_TARGET = 10.1;
				LD_RUNPATH_SEARCH_PATHS = (
					"$(inherited)",
					"@executable_path/Frameworks",
				);
				PRODUCT_BUNDLE_IDENTIFIER = BlackBricks.mamaroo;
				PRODUCT_NAME = "$(TARGET_NAME)";
				SWIFT_VERSION = 4.2;
				TARGETED_DEVICE_FAMILY = "1,2";
			};
			name = Release;
		};
/* End XCBuildConfiguration section */

/* Begin XCConfigurationList section */
		0E8C76AB22167C8C005C0922 /* Build configuration list for PBXProject "mamaroo" */ = {
			isa = XCConfigurationList;
			buildConfigurations = (
				0E8C76C022167C98005C0922 /* Debug */,
				0E8C76C122167C98005C0922 /* Release */,
			);
			defaultConfigurationIsVisible = 0;
			defaultConfigurationName = Release;
		};
		0E8C76C222167C98005C0922 /* Build configuration list for PBXNativeTarget "mamaroo" */ = {
			isa = XCConfigurationList;
			buildConfigurations = (
				0E8C76C322167C98005C0922 /* Debug */,
				0E8C76C422167C98005C0922 /* Release */,
			);
			defaultConfigurationIsVisible = 0;
			defaultConfigurationName = Release;
		};
/* End XCConfigurationList section */
	};
	rootObject = 0E8C76A822167C8C005C0922 /* Project object */;
}
